{
    "name": "streamlit_custom_components",
    "version": "0.1.0",
    "lockfileVersion": 3,
    "requires": true,
    "packages": {
        "": {
            "name": "streamlit_custom_components",
            "version": "0.1.0",
            "devDependencies": {
                "concurrently": "^1.0.0"
            }
        },
        "node_modules/ansi-regex": {
            "version": "0.2.1",
            "resolved": "https://registry.npmjs.org/ansi-regex/-/ansi-regex-0.2.1.tgz",
            "integrity": "sha512-sGwIGMjhYdW26/IhwK2gkWWI8DRCVO6uj3hYgHT+zD+QL1pa37tM3ujhyfcJIYSbsxp7Gxhy7zrRW/1AHm4BmA==",
            "dev": true,
            "engines": {
                "node": ">=0.10.0"
            }
        },
        "node_modules/ansi-styles": {
            "version": "1.1.0",
            "resolved": "https://registry.npmjs.org/ansi-styles/-/ansi-styles-1.1.0.tgz",
            "integrity": "sha512-f2PKUkN5QngiSemowa6Mrk9MPCdtFiOSmibjZ+j1qhLGHHYsqZwmBMRF3IRMVXo8sybDqx2fJl2d/8OphBoWkA==",
            "dev": true,
            "engines": {
                "node": ">=0.10.0"
            }
        },
        "node_modules/bluebird": {
            "version": "2.9.6",
            "resolved": "https://registry.npmjs.org/bluebird/-/bluebird-2.9.6.tgz",
            "integrity": "sha512-SVwAE1qajO/OS4N1eM94cO41Vs60sDsqq7RvPYbNeQmI7iH/+ndxLTu0PIMgopNH9q94nw1pGg+FclCj2hnfoA==",
            "dev": true
        },
        "node_modules/chalk": {
            "version": "0.5.1",
            "resolved": "https://registry.npmjs.org/chalk/-/chalk-0.5.1.tgz",
            "integrity": "sha512-bIKA54hP8iZhyDT81TOsJiQvR1gW+ZYSXFaZUAvoD4wCHdbHY2actmpTE4x344ZlFqHbvoxKOaESULTZN2gstg==",
            "dev": true,
            "dependencies": {
                "ansi-styles": "^1.1.0",
                "escape-string-regexp": "^1.0.0",
                "has-ansi": "^0.1.0",
                "strip-ansi": "^0.3.0",
                "supports-color": "^0.2.0"
            },
            "engines": {
                "node": ">=0.10.0"
            }
        },
        "node_modules/commander": {
            "version": "2.6.0",
            "resolved": "https://registry.npmjs.org/commander/-/commander-2.6.0.tgz",
            "integrity": "sha512-PhbTMT+ilDXZKqH8xbvuUY2ZEQNef0Q7DKxgoEKb4ccytsdvVVJmYqR0sGbi96nxU6oGrwEIQnclpK2NBZuQlg==",
            "dev": true,
            "engines": {
                "node": ">= 0.6.x"
            }
        },
        "node_modules/concurrently": {
            "version": "1.0.0",
            "resolved": "https://registry.npmjs.org/concurrently/-/concurrently-1.0.0.tgz",
            "integrity": "sha512-XjR2UAqzDzrmX8hugm9KCaDD5zKXBy2gFXvDZAZMDfDNJcZPmAtW9ZXn1hf33spDJ4PSaRXEKbpzRJQZ2/us3g==",
            "dev": true,
            "dependencies": {
                "bluebird": "2.9.6",
                "chalk": "0.5.1",
                "commander": "2.6.0",
                "cross-spawn": "^0.2.9",
                "lodash": "3.1.0",
                "rx": "2.3.24"
            },
            "bin": {
                "concurrent": "src/main.js"
            }
        },
        "node_modules/cross-spawn": {
            "version": "0.2.9",
            "resolved": "https://registry.npmjs.org/cross-spawn/-/cross-spawn-0.2.9.tgz",
            "integrity": "sha512-jUNffe+x93R0/940d+JrdIl8SROZdUuvlw0HxjR/0GUKGvJEWiTK5rxtKNtP1lgMnoR8383q0orSA6k3eJ+y4A==",
            "dev": true,
            "dependencies": {
                "lru-cache": "^2.5.0"
            }
        },
        "node_modules/escape-string-regexp": {
            "version": "1.0.5",
            "resolved": "https://registry.npmjs.org/escape-string-regexp/-/escape-string-regexp-1.0.5.tgz",
            "integrity": "sha512-vbRorB5FUQWvla16U8R/qgaFIya2qGzwDrNmCZuYKrbdSUMG6I1ZCGQRefkRVhuOkIGVne7BQ35DSfo1qvJqFg==",
            "dev": true,
            "engines": {
                "node": ">=0.8.0"
            }
        },
        "node_modules/has-ansi": {
            "version": "0.1.0",
            "resolved": "https://registry.npmjs.org/has-ansi/-/has-ansi-0.1.0.tgz",
            "integrity": "sha512-1YsTg1fk2/6JToQhtZkArMkurq8UoWU1Qe0aR3VUHjgij4nOylSWLWAtBXoZ4/dXOmugfLGm1c+QhuD0JyedFA==",
            "dev": true,
            "dependencies": {
                "ansi-regex": "^0.2.0"
            },
            "bin": {
                "has-ansi": "cli.js"
            },
            "engines": {
                "node": ">=0.10.0"
            }
        },
        "node_modules/lodash": {
            "version": "3.1.0",
            "resolved": "https://registry.npmjs.org/lodash/-/lodash-3.1.0.tgz",
            "integrity": "sha512-kH7H/6T8ut2DMWAHIKJWZoDzYdvy+echL6u2VZbhYYkEjr6Zp15Yjt9pPvIPQwAT/5QaQYdaVPwCcLMP9qeu0w==",
            "dev": true
        },
        "node_modules/lru-cache": {
            "version": "2.7.3",
            "resolved": "https://registry.npmjs.org/lru-cache/-/lru-cache-2.7.3.tgz",
            "integrity": "sha512-WpibWJ60c3AgAz8a2iYErDrcT2C7OmKnsWhIcHOjkUHFjkXncJhtLxNSqUmxRxRunpb5I8Vprd7aNSd2NtksJQ==",
            "dev": true
        },
        "node_modules/rx": {
            "version": "2.3.24",
            "resolved": "https://registry.npmjs.org/rx/-/rx-2.3.24.tgz",
            "integrity": "sha512-Ue4ZB7Dzbn2I9sIj8ws536nOP2S53uypyCkCz9q0vlYD5Kn6/pu4dE+wt2ZfFzd9m73hiYKnnCb1OyKqc+MRkg==",
            "dev": true
        },
        "node_modules/strip-ansi": {
            "version": "0.3.0",
            "resolved": "https://registry.npmjs.org/strip-ansi/-/strip-ansi-0.3.0.tgz",
            "integrity": "sha512-DerhZL7j6i6/nEnVG0qViKXI0OKouvvpsAiaj7c+LfqZZZxdwZtv8+UiA/w4VUJpT8UzX0pR1dcHOii1GbmruQ==",
            "dev": true,
            "dependencies": {
                "ansi-regex": "^0.2.1"
            },
            "bin": {
                "strip-ansi": "cli.js"
            },
            "engines": {
                "node": ">=0.10.0"
            }
        },
        "node_modules/supports-color": {
            "version": "0.2.0",
            "resolved": "https://registry.npmjs.org/supports-color/-/supports-color-0.2.0.tgz",
            "integrity": "sha512-tdCZ28MnM7k7cJDJc7Eq80A9CsRFAAOZUy41npOZCs++qSjfIy7o5Rh46CBk+Dk5FbKJ33X3Tqg4YrV07N5RaA==",
            "dev": true,
            "bin": {
                "supports-color": "cli.js"
            },
            "engines": {
                "node": ">=0.10.0"
            }
        }
    }
}
